// !$*UTF8*$!
{
	archiveVersion = 1;
	classes = {
	};
	objectVersion = 46;
	objects = {

/* Begin PBXBuildFile section */
		6CA801AB1ABCC54D00CAF7F1 /* AppDelegate.swift in Sources */ = {isa = PBXBuildFile; fileRef = 6CA801AA1ABCC54D00CAF7F1 /* AppDelegate.swift */; };
		6CA801AD1ABCC54D00CAF7F1 /* PlaylistMasterViewController.swift in Sources */ = {isa = PBXBuildFile; fileRef = 6CA801AC1ABCC54D00CAF7F1 /* PlaylistMasterViewController.swift */; };
		6CA801B01ABCC54D00CAF7F1 /* Main.storyboard in Resources */ = {isa = PBXBuildFile; fileRef = 6CA801AE1ABCC54D00CAF7F1 /* Main.storyboard */; };
		6CA801B21ABCC54D00CAF7F1 /* Images.xcassets in Resources */ = {isa = PBXBuildFile; fileRef = 6CA801B11ABCC54D00CAF7F1 /* Images.xcassets */; };
		6CA801B51ABCC54D00CAF7F1 /* LaunchScreen.xib in Resources */ = {isa = PBXBuildFile; fileRef = 6CA801B31ABCC54D00CAF7F1 /* LaunchScreen.xib */; };
		6CA801C11ABCC54D00CAF7F1 /* jukeboxTests.swift in Sources */ = {isa = PBXBuildFile; fileRef = 6CA801C01ABCC54D00CAF7F1 /* jukeboxTests.swift */; };
		6CA801CB1ABCC8E500CAF7F1 /* PlaylistDetailViewController.swift in Sources */ = {isa = PBXBuildFile; fileRef = 6CA801CA1ABCC8E500CAF7F1 /* PlaylistDetailViewController.swift */; };
		6CC805271ABDE0E800C6BA34 /* MusicLibrary.swift in Sources */ = {isa = PBXBuildFile; fileRef = 6CC805261ABDE0E800C6BA34 /* MusicLibrary.swift */; };
		6CC805291ABDE21D00C6BA34 /* Playlist.swift in Sources */ = {isa = PBXBuildFile; fileRef = 6CC805281ABDE21D00C6BA34 /* Playlist.swift */; };
/* End PBXBuildFile section */

/* Begin PBXContainerItemProxy section */
		6CA801BB1ABCC54D00CAF7F1 /* PBXContainerItemProxy */ = {
			isa = PBXContainerItemProxy;
			containerPortal = 6CA8019D1ABCC54D00CAF7F1 /* Project object */;
			proxyType = 1;
			remoteGlobalIDString = 6CA801A41ABCC54D00CAF7F1;
			remoteInfo = jukebox;
		};
/* End PBXContainerItemProxy section */

/* Begin PBXFileReference section */
		6CA801A51ABCC54D00CAF7F1 /* jukebox.app */ = {isa = PBXFileReference; explicitFileType = wrapper.application; includeInIndex = 0; path = jukebox.app; sourceTree = BUILT_PRODUCTS_DIR; };
		6CA801A91ABCC54D00CAF7F1 /* Info.plist */ = {isa = PBXFileReference; lastKnownFileType = text.plist.xml; path = Info.plist; sourceTree = "<group>"; };
		6CA801AA1ABCC54D00CAF7F1 /* AppDelegate.swift */ = {isa = PBXFileReference; lastKnownFileType = sourcecode.swift; path = AppDelegate.swift; sourceTree = "<group>"; };
		6CA801AC1ABCC54D00CAF7F1 /* PlaylistMasterViewController.swift */ = {isa = PBXFileReference; lastKnownFileType = sourcecode.swift; path = PlaylistMasterViewController.swift; sourceTree = "<group>"; };
		6CA801AF1ABCC54D00CAF7F1 /* Base */ = {isa = PBXFileReference; lastKnownFileType = file.storyboard; name = Base; path = Base.lproj/Main.storyboard; sourceTree = "<group>"; };
		6CA801B11ABCC54D00CAF7F1 /* Images.xcassets */ = {isa = PBXFileReference; lastKnownFileType = folder.assetcatalog; path = Images.xcassets; sourceTree = "<group>"; };
		6CA801B41ABCC54D00CAF7F1 /* Base */ = {isa = PBXFileReference; lastKnownFileType = file.xib; name = Base; path = Base.lproj/LaunchScreen.xib; sourceTree = "<group>"; };
		6CA801BA1ABCC54D00CAF7F1 /* jukeboxTests.xctest */ = {isa = PBXFileReference; explicitFileType = wrapper.cfbundle; includeInIndex = 0; path = jukeboxTests.xctest; sourceTree = BUILT_PRODUCTS_DIR; };
		6CA801BF1ABCC54D00CAF7F1 /* Info.plist */ = {isa = PBXFileReference; lastKnownFileType = text.plist.xml; path = Info.plist; sourceTree = "<group>"; };
		6CA801C01ABCC54D00CAF7F1 /* jukeboxTests.swift */ = {isa = PBXFileReference; lastKnownFileType = sourcecode.swift; path = jukeboxTests.swift; sourceTree = "<group>"; };
		6CA801CA1ABCC8E500CAF7F1 /* PlaylistDetailViewController.swift */ = {isa = PBXFileReference; fileEncoding = 4; lastKnownFileType = sourcecode.swift; path = PlaylistDetailViewController.swift; sourceTree = "<group>"; };
		6CC805261ABDE0E800C6BA34 /* MusicLibrary.swift */ = {isa = PBXFileReference; fileEncoding = 4; lastKnownFileType = sourcecode.swift; path = MusicLibrary.swift; sourceTree = "<group>"; };
		6CC805281ABDE21D00C6BA34 /* Playlist.swift */ = {isa = PBXFileReference; fileEncoding = 4; lastKnownFileType = sourcecode.swift; path = Playlist.swift; sourceTree = "<group>"; };
/* End PBXFileReference section */

/* Begin PBXFrameworksBuildPhase section */
		6CA801A21ABCC54D00CAF7F1 /* Frameworks */ = {
			isa = PBXFrameworksBuildPhase;
			buildActionMask = 2147483647;
			files = (
			);
			runOnlyForDeploymentPostprocessing = 0;
		};
		6CA801B71ABCC54D00CAF7F1 /* Frameworks */ = {
			isa = PBXFrameworksBuildPhase;
			buildActionMask = 2147483647;
			files = (
			);
			runOnlyForDeploymentPostprocessing = 0;
		};
/* End PBXFrameworksBuildPhase section */

/* Begin PBXGroup section */
		6CA8019C1ABCC54D00CAF7F1 = {
			isa = PBXGroup;
			children = (
				6CA801A71ABCC54D00CAF7F1 /* jukebox */,
				6CA801BD1ABCC54D00CAF7F1 /* jukeboxTests */,
				6CA801A61ABCC54D00CAF7F1 /* Products */,
			);
			sourceTree = "<group>";
		};
		6CA801A61ABCC54D00CAF7F1 /* Products */ = {
			isa = PBXGroup;
			children = (
				6CA801A51ABCC54D00CAF7F1 /* jukebox.app */,
				6CA801BA1ABCC54D00CAF7F1 /* jukeboxTests.xctest */,
			);
			name = Products;
			sourceTree = "<group>";
		};
		6CA801A71ABCC54D00CAF7F1 /* jukebox */ = {
			isa = PBXGroup;
			children = (
				6CA801AA1ABCC54D00CAF7F1 /* AppDelegate.swift */,
				6CA801AE1ABCC54D00CAF7F1 /* Main.storyboard */,
				6CA801AC1ABCC54D00CAF7F1 /* PlaylistMasterViewController.swift */,
				6CA801CA1ABCC8E500CAF7F1 /* PlaylistDetailViewController.swift */,
				6CC805281ABDE21D00C6BA34 /* Playlist.swift */,
				6CC805261ABDE0E800C6BA34 /* MusicLibrary.swift */,
				6CA801B11ABCC54D00CAF7F1 /* Images.xcassets */,
				6CA801B31ABCC54D00CAF7F1 /* LaunchScreen.xib */,
				6CA801A81ABCC54D00CAF7F1 /* Supporting Files */,
			);
			path = jukebox;
			sourceTree = "<group>";
		};
		6CA801A81ABCC54D00CAF7F1 /* Supporting Files */ = {
			isa = PBXGroup;
			children = (
				6CA801A91ABCC54D00CAF7F1 /* Info.plist */,
			);
			name = "Supporting Files";
			sourceTree = "<group>";
		};
		6CA801BD1ABCC54D00CAF7F1 /* jukeboxTests */ = {
			isa = PBXGroup;
			children = (
				6CA801C01ABCC54D00CAF7F1 /* jukeboxTests.swift */,
				6CA801BE1ABCC54D00CAF7F1 /* Supporting Files */,
			);
			path = jukeboxTests;
			sourceTree = "<group>";
		};
		6CA801BE1ABCC54D00CAF7F1 /* Supporting Files */ = {
			isa = PBXGroup;
			children = (
				6CA801BF1ABCC54D00CAF7F1 /* Info.plist */,
			);
			name = "Supporting Files";
			sourceTree = "<group>";
		};
/* End PBXGroup section */

/* Begin PBXNativeTarget section */
		6CA801A41ABCC54D00CAF7F1 /* jukebox */ = {
			isa = PBXNativeTarget;
			buildConfigurationList = 6CA801C41ABCC54D00CAF7F1 /* Build configuration list for PBXNativeTarget "jukebox" */;
			buildPhases = (
				6CA801A11ABCC54D00CAF7F1 /* Sources */,
				6CA801A21ABCC54D00CAF7F1 /* Frameworks */,
				6CA801A31ABCC54D00CAF7F1 /* Resources */,
			);
			buildRules = (
			);
			dependencies = (
			);
			name = jukebox;
			productName = jukebox;
			productReference = 6CA801A51ABCC54D00CAF7F1 /* jukebox.app */;
			productType = "com.apple.product-type.application";
		};
		6CA801B91ABCC54D00CAF7F1 /* jukeboxTests */ = {
			isa = PBXNativeTarget;
			buildConfigurationList = 6CA801C71ABCC54D00CAF7F1 /* Build configuration list for PBXNativeTarget "jukeboxTests" */;
			buildPhases = (
				6CA801B61ABCC54D00CAF7F1 /* Sources */,
				6CA801B71ABCC54D00CAF7F1 /* Frameworks */,
				6CA801B81ABCC54D00CAF7F1 /* Resources */,
			);
			buildRules = (
			);
			dependencies = (
				6CA801BC1ABCC54D00CAF7F1 /* PBXTargetDependency */,
			);
			name = jukeboxTests;
			productName = jukeboxTests;
			productReference = 6CA801BA1ABCC54D00CAF7F1 /* jukeboxTests.xctest */;
			productType = "com.apple.product-type.bundle.unit-test";
		};
/* End PBXNativeTarget section */

/* Begin PBXProject section */
		6CA8019D1ABCC54D00CAF7F1 /* Project object */ = {
			isa = PBXProject;
			attributes = {
				LastUpgradeCheck = 0620;
				ORGANIZATIONNAME = "Dulio Denis";
				TargetAttributes = {
					6CA801A41ABCC54D00CAF7F1 = {
						CreatedOnToolsVersion = 6.2;
					};
					6CA801B91ABCC54D00CAF7F1 = {
						CreatedOnToolsVersion = 6.2;
						TestTargetID = 6CA801A41ABCC54D00CAF7F1;
					};
				};
			};
			buildConfigurationList = 6CA801A01ABCC54D00CAF7F1 /* Build configuration list for PBXProject "jukebox" */;
			compatibilityVersion = "Xcode 3.2";
			developmentRegion = English;
			hasScannedForEncodings = 0;
			knownRegions = (
				en,
				Base,
			);
			mainGroup = 6CA8019C1ABCC54D00CAF7F1;
			productRefGroup = 6CA801A61ABCC54D00CAF7F1 /* Products */;
			projectDirPath = "";
			projectRoot = "";
			targets = (
				6CA801A41ABCC54D00CAF7F1 /* jukebox */,
				6CA801B91ABCC54D00CAF7F1 /* jukeboxTests */,
			);
		};
/* End PBXProject section */

/* Begin PBXResourcesBuildPhase section */
		6CA801A31ABCC54D00CAF7F1 /* Resources */ = {
			isa = PBXResourcesBuildPhase;
			buildActionMask = 2147483647;
			files = (
				6CA801B01ABCC54D00CAF7F1 /* Main.storyboard in Resources */,
				6CA801B51ABCC54D00CAF7F1 /* LaunchScreen.xib in Resources */,
				6CA801B21ABCC54D00CAF7F1 /* Images.xcassets in Resources */,
			);
			runOnlyForDeploymentPostprocessing = 0;
		};
		6CA801B81ABCC54D00CAF7F1 /* Resources */ = {
			isa = PBXResourcesBuildPhase;
			buildActionMask = 2147483647;
			files = (
			);
			runOnlyForDeploymentPostprocessing = 0;
		};
/* End PBXResourcesBuildPhase section */

/* Begin PBXSourcesBuildPhase section */
		6CA801A11ABCC54D00CAF7F1 /* Sources */ = {
			isa = PBXSourcesBuildPhase;
			buildActionMask = 2147483647;
			files = (
				6CA801CB1ABCC8E500CAF7F1 /* PlaylistDetailViewController.swift in Sources */,
				6CA801AD1ABCC54D00CAF7F1 /* PlaylistMasterViewController.swift in Sources */,
				6CA801AB1ABCC54D00CAF7F1 /* AppDelegate.swift in Sources */,
				6CC805271ABDE0E800C6BA34 /* MusicLibrary.swift in Sources */,
				6CC805291ABDE21D00C6BA34 /* Playlist.swift in Sources */,
			);
			runOnlyForDeploymentPostprocessing = 0;
		};
		6CA801B61ABCC54D00CAF7F1 /* Sources */ = {
			isa = PBXSourcesBuildPhase;
			buildActionMask = 2147483647;
			files = (
				6CA801C11ABCC54D00CAF7F1 /* jukeboxTests.swift in Sources */,
			);
			runOnlyForDeploymentPostprocessing = 0;
		};
/* End PBXSourcesBuildPhase section */

/* Begin PBXTargetDependency section */
		6CA801BC1ABCC54D00CAF7F1 /* PBXTargetDependency */ = {
			isa = PBXTargetDependency;
			target = 6CA801A41ABCC54D00CAF7F1 /* jukebox */;
			targetProxy = 6CA801BB1ABCC54D00CAF7F1 /* PBXContainerItemProxy */;
		};
/* End PBXTargetDependency section */

/* Begin PBXVariantGroup section */
		6CA801AE1ABCC54D00CAF7F1 /* Main.storyboard */ = {
			isa = PBXVariantGroup;
			children = (
				6CA801AF1ABCC54D00CAF7F1 /* Base */,
			);
			name = Main.storyboard;
			sourceTree = "<group>";
		};
		6CA801B31ABCC54D00CAF7F1 /* LaunchScreen.xib */ = {
			isa = PBXVariantGroup;
			children = (
				6CA801B41ABCC54D00CAF7F1 /* Base */,
			);
			name = LaunchScreen.xib;
			sourceTree = "<group>";
		};
/* End PBXVariantGroup section */

/* Begin XCBuildConfiguration section */
		6CA801C21ABCC54D00CAF7F1 /* Debug */ = {
			isa = XCBuildConfiguration;
			buildSettings = {
				ALWAYS_SEARCH_USER_PATHS = NO;
				CLANG_CXX_LANGUAGE_STANDARD = "gnu++0x";
				CLANG_CXX_LIBRARY = "libc++";
				CLANG_ENABLE_MODULES = YES;
				CLANG_ENABLE_OBJC_ARC = YES;
				CLANG_WARN_BOOL_CONVERSION = YES;
				CLANG_WARN_CONSTANT_CONVERSION = YES;
				CLANG_WARN_DIRECT_OBJC_ISA_USAGE = YES_ERROR;
				CLANG_WARN_EMPTY_BODY = YES;
				CLANG_WARN_ENUM_CONVERSION = YES;
				CLANG_WARN_INT_CONVERSION = YES;
				CLANG_WARN_OBJC_ROOT_CLASS = YES_ERROR;
				CLANG_WARN_UNREACHABLE_CODE = YES;
				CLANG_WARN__DUPLICATE_METHOD_MATCH = YES;
				"CODE_SIGN_IDENTITY[sdk=iphoneos*]" = "iPhone Developer";
				COPY_PHASE_STRIP = NO;
				ENABLE_STRICT_OBJC_MSGSEND = YES;
				GCC_C_LANGUAGE_STANDARD = gnu99;
				GCC_DYNAMIC_NO_PIC = NO;
				GCC_OPTIMIZATION_LEVEL = 0;
				GCC_PREPROCESSOR_DEFINITIONS = (
					"DEBUG=1",
					"$(inherited)",
				);
				GCC_SYMBOLS_PRIVATE_EXTERN = NO;
				GCC_WARN_64_TO_32_BIT_CONVERSION = YES;
				GCC_WARN_ABOUT_RETURN_TYPE = YES_ERROR;
				GCC_WARN_UNDECLARED_SELECTOR = YES;
				GCC_WARN_UNINITIALIZED_AUTOS = YES_AGGRESSIVE;
				GCC_WARN_UNUSED_FUNCTION = YES;
				GCC_WARN_UNUSED_VARIABLE = YES;
				IPHONEOS_DEPLOYMENT_TARGET = 8.2;
				MTL_ENABLE_DEBUG_INFO = YES;
				ONLY_ACTIVE_ARCH = YES;
				SDKROOT = iphoneos;
				SWIFT_OPTIMIZATION_LEVEL = "-Onone";
			};
			name = Debug;
		};
		6CA801C31ABCC54D00CAF7F1 /* Release */ = {
			isa = XCBuildConfiguration;
			buildSettings = {
				ALWAYS_SEARCH_USER_PATHS = NO;
				CLANG_CXX_LANGUAGE_STANDARD = "gnu++0x";
				CLANG_CXX_LIBRARY = "libc++";
				CLANG_ENABLE_MODULES = YES;
				CLANG_ENABLE_OBJC_ARC = YES;
				CLANG_WARN_BOOL_CONVERSION = YES;
				CLANG_WARN_CONSTANT_CONVERSION = YES;
				CLANG_WARN_DIRECT_OBJC_ISA_USAGE = YES_ERROR;
				CLANG_WARN_EMPTY_BODY = YES;
				CLANG_WARN_ENUM_CONVERSION = YES;
				CLANG_WARN_INT_CONVERSION = YES;
				CLANG_WARN_OBJC_ROOT_CLASS = YES_ERROR;
				CLANG_WARN_UNREACHABLE_CODE = YES;
				CLANG_WARN__DUPLICATE_METHOD_MATCH = YES;
				"CODE_SIGN_IDENTITY[sdk=iphoneos*]" = "iPhone Developer";
				COPY_PHASE_STRIP = NO;
				ENABLE_NS_ASSERTIONS = NO;
				ENABLE_STRICT_OBJC_MSGSEND = YES;
				GCC_C_LANGUAGE_STANDARD = gnu99;
				GCC_WARN_64_TO_32_BIT_CONVERSION = YES;
				GCC_WARN_ABOUT_RETURN_TYPE = YES_ERROR;
				GCC_WARN_UNDECLARED_SELECTOR = YES;
				GCC_WARN_UNINITIALIZED_AUTOS = YES_AGGRESSIVE;
				GCC_WARN_UNUSED_FUNCTION = YES;
				GCC_WARN_UNUSED_VARIABLE = YES;
				IPHONEOS_DEPLOYMENT_TARGET = 8.2;
				MTL_ENABLE_DEBUG_INFO = NO;
				SDKROOT = iphoneos;
				VALIDATE_PRODUCT = YES;
			};
			name = Release;
		};
		6CA801C51ABCC54D00CAF7F1 /* Debug */ = {
			isa = XCBuildConfiguration;
			buildSettings = {
				ASSETCATALOG_COMPILER_APPICON_NAME = AppIcon;
				INFOPLIST_FILE = jukebox/Info.plist;
				LD_RUNPATH_SEARCH_PATHS = "$(inherited) @executable_path/Frameworks";
				PRODUCT_NAME = "$(TARGET_NAME)";
			};
			name = Debug;
		};
		6CA801C61ABCC54D00CAF7F1 /* Release */ = {
			isa = XCBuildConfiguration;
			buildSettings = {
				ASSETCATALOG_COMPILER_APPICON_NAME = AppIcon;
				INFOPLIST_FILE = jukebox/Info.plist;
				LD_RUNPATH_SEARCH_PATHS = "$(inherited) @executable_path/Frameworks";
				PRODUCT_NAME = "$(TARGET_NAME)";
			};
			name = Release;
		};
		6CA801C81ABCC54D00CAF7F1 /* Debug */ = {
			isa = XCBuildConfiguration;
			buildSettings = {
				BUNDLE_LOADER = "$(TEST_HOST)";
				FRAMEWORK_SEARCH_PATHS = (
					"$(SDKROOT)/Developer/Library/Frameworks",
					"$(inherited)",
				);
				GCC_PREPROCESSOR_DEFINITIONS = (
					"DEBUG=1",
					"$(inherited)",
				);
				INFOPLIST_FILE = jukeboxTests/Info.plist;
				LD_RUNPATH_SEARCH_PATHS = "$(inherited) @executable_path/Frameworks @loader_path/Frameworks";
				PRODUCT_NAME = "$(TARGET_NAME)";
				TEST_HOST = "$(BUILT_PRODUCTS_DIR)/jukebox.app/jukebox";
			};
			name = Debug;
		};
		6CA801C91ABCC54D00CAF7F1 /* Release */ = {
			isa = XCBuildConfiguration;
			buildSettings = {
				BUNDLE_LOADER = "$(TEST_HOST)";
				FRAMEWORK_SEARCH_PATHS = (
					"$(SDKROOT)/Developer/Library/Frameworks",
					"$(inherited)",
				);
				INFOPLIST_FILE = jukeboxTests/Info.plist;
				LD_RUNPATH_SEARCH_PATHS = "$(inherited) @executable_path/Frameworks @loader_path/Frameworks";
				PRODUCT_NAME = "$(TARGET_NAME)";
				TEST_HOST = "$(BUILT_PRODUCTS_DIR)/jukebox.app/jukebox";
			};
			name = Release;
		};
/* End XCBuildConfiguration section */

/* Begin XCConfigurationList section */
		6CA801A01ABCC54D00CAF7F1 /* Build configuration list for PBXProject "jukebox" */ = {
			isa = XCConfigurationList;
			buildConfigurations = (
				6CA801C21ABCC54D00CAF7F1 /* Debug */,
				6CA801C31ABCC54D00CAF7F1 /* Release */,
			);
			defaultConfigurationIsVisible = 0;
			defaultConfigurationName = Release;
		};
		6CA801C41ABCC54D00CAF7F1 /* Build configuration list for PBXNativeTarget "jukebox" */ = {
			isa = XCConfigurationList;
			buildConfigurations = (
				6CA801C51ABCC54D00CAF7F1 /* Debug */,
				6CA801C61ABCC54D00CAF7F1 /* Release */,
			);
			defaultConfigurationIsVisible = 0;
			defaultConfigurationName = Release;
		};
		6CA801C71ABCC54D00CAF7F1 /* Build configuration list for PBXNativeTarget "jukeboxTests" */ = {
			isa = XCConfigurationList;
			buildConfigurations = (
				6CA801C81ABCC54D00CAF7F1 /* Debug */,
				6CA801C91ABCC54D00CAF7F1 /* Release */,
			);
			defaultConfigurationIsVisible = 0;
			defaultConfigurationName = Release;
		};
/* End XCConfigurationList section */
	};
	rootObject = 6CA8019D1ABCC54D00CAF7F1 /* Project object */;
}
